lockfileVersion: '9.0'

settings:
  autoInstallPeers: true
  excludeLinksFromLockfile: false

importers:

  .:
    devDependencies:
      cspell:
        specifier: ^8.17.1
        version: 8.17.1
      husky:
        specifier: ^9.1.7
        version: 9.1.7
      lint-staged:
        specifier: ^15.3.0
        version: 15.3.0
      prettier:
        specifier: 2.8.1
        version: 2.8.1

packages:

  '@cspell/cspell-bundled-dicts@8.17.1':
    resolution: {integrity: sha512-HmkXS5uX4bk/XxsRS4Q+zRvhgRa81ddGiR2/Xfag9MIi5L5UnEJ4g21EpmIlXkMxYrTu2fp69SZFss5NfcFF9Q==}
    engines: {node: '>=18'}

  '@cspell/cspell-json-reporter@8.17.1':
    resolution: {integrity: sha512-EV9Xkh42Xw3aORvDZfxusICX91DDbqQpYdGKBdPGuhgxWOUYYZKpLXsHCmDkhruMPo2m5gDh++/OqjLRPZofKQ==}
    engines: {node: '>=18'}

  '@cspell/cspell-pipe@8.17.1':
    resolution: {integrity: sha512-uhC99Ox+OH3COSgShv4fpVHiotR70dNvAOSkzRvKVRzV6IGyFnxHjmyVVPEV0dsqzVLxltwYTqFhwI+UOwm45A==}
    engines: {node: '>=18'}

  '@cspell/cspell-resolver@8.17.1':
    resolution: {integrity: sha512-XEK2ymTdQNgsV3ny60VkKzWskbICl4zNXh/DbxsoRXHqIRg43MXFpTNkEJ7j873EqdX7BU4opQQ+5D4stWWuhQ==}
    engines: {node: '>=18'}

  '@cspell/cspell-service-bus@8.17.1':
    resolution: {integrity: sha512-2sFWQtMEWZ4tdz7bw0bAx4NaV1t0ynGfjpuKWdQppsJFKNb+ZPZZ6Ah1dC13AdRRMZaG194kDRFwzNvRaCgWkQ==}
    engines: {node: '>=18'}

  '@cspell/cspell-types@8.17.1':
    resolution: {integrity: sha512-NJbov7Jp57fh8addoxesjb8atg/APQfssCH5Q9uZuHBN06wEJDgs7fhfE48bU+RBViC9gltblsYZzZZQKzHYKg==}
    engines: {node: '>=18'}

  '@cspell/dict-ada@4.1.0':
    resolution: {integrity: sha512-7SvmhmX170gyPd+uHXrfmqJBY5qLcCX8kTGURPVeGxmt8XNXT75uu9rnZO+jwrfuU2EimNoArdVy5GZRGljGNg==}

  '@cspell/dict-al@1.1.0':
    resolution: {integrity: sha512-PtNI1KLmYkELYltbzuoztBxfi11jcE9HXBHCpID2lou/J4VMYKJPNqe4ZjVzSI9NYbMnMnyG3gkbhIdx66VSXg==}

  '@cspell/dict-aws@4.0.9':
    resolution: {integrity: sha512-bDYdnnJGwSkIZ4gzrauu7qzOs/ZAY/FnU4k11LgdMI8BhwMfsbsy2EI1iS+sD/BI5ZnNT9kU5YR3WADeNOmhRg==}

  '@cspell/dict-bash@4.2.0':
    resolution: {integrity: sha512-HOyOS+4AbCArZHs/wMxX/apRkjxg6NDWdt0jF9i9XkvJQUltMwEhyA2TWYjQ0kssBsnof+9amax2lhiZnh3kCg==}

  '@cspell/dict-companies@3.1.12':
    resolution: {integrity: sha512-99FxBNdLOQc3nVQ663Xh7JqDLbIy/AdqOecQ5bk3HpmXpSkoDvTT7XCUU5nQZvmFBrrQlXFKlRRYjLfTEOUDdA==}

  '@cspell/dict-cpp@6.0.3':
    resolution: {integrity: sha512-OFrVXdxCeGKnon36Pe3yFjBuY4kzzEwWFf3vDz+cJTodZDkjFkBifQeTtt5YfimgF8cfAJZXkBCsxjipAgmAiw==}

  '@cspell/dict-cryptocurrencies@5.0.4':
    resolution: {integrity: sha512-6iFu7Abu+4Mgqq08YhTKHfH59mpMpGTwdzDB2Y8bbgiwnGFCeoiSkVkgLn1Kel2++hYcZ8vsAW/MJS9oXxuMag==}

  '@cspell/dict-csharp@4.0.6':
    resolution: {integrity: sha512-w/+YsqOknjQXmIlWDRmkW+BHBPJZ/XDrfJhZRQnp0wzpPOGml7W0q1iae65P2AFRtTdPKYmvSz7AL5ZRkCnSIw==}

  '@cspell/dict-css@4.0.17':
    resolution: {integrity: sha512-2EisRLHk6X/PdicybwlajLGKF5aJf4xnX2uuG5lexuYKt05xV/J/OiBADmi8q9obhxf1nesrMQbqAt+6CsHo/w==}

  '@cspell/dict-dart@2.3.0':
    resolution: {integrity: sha512-1aY90lAicek8vYczGPDKr70pQSTQHwMFLbmWKTAI6iavmb1fisJBS1oTmMOKE4ximDf86MvVN6Ucwx3u/8HqLg==}

  '@cspell/dict-data-science@2.0.6':
    resolution: {integrity: sha512-gOYKZOg358yhnnQfr1/f232REmjeIymXUHJdrLEMPirluv2rzMWvEBBazqRVQ++jMUNg9IduVI0v096ZWMDekA==}

  '@cspell/dict-django@4.1.4':
    resolution: {integrity: sha512-fX38eUoPvytZ/2GA+g4bbdUtCMGNFSLbdJJPKX2vbewIQGfgSFJKY56vvcHJKAvw7FopjvgyS/98Ta9WN1gckg==}

  '@cspell/dict-docker@1.1.12':
    resolution: {integrity: sha512-6d25ZPBnYZaT9D9An/x6g/4mk542R8bR3ipnby3QFCxnfdd6xaWiTcwDPsCgwN2aQZIQ1jX/fil9KmBEqIK/qA==}

  '@cspell/dict-dotnet@5.0.9':
    resolution: {integrity: sha512-JGD6RJW5sHtO5lfiJl11a5DpPN6eKSz5M1YBa1I76j4dDOIqgZB6rQexlDlK1DH9B06X4GdDQwdBfnpAB0r2uQ==}

  '@cspell/dict-elixir@4.0.7':
    resolution: {integrity: sha512-MAUqlMw73mgtSdxvbAvyRlvc3bYnrDqXQrx5K9SwW8F7fRYf9V4vWYFULh+UWwwkqkhX9w03ZqFYRTdkFku6uA==}

  '@cspell/dict-en-common-misspellings@2.0.8':
    resolution: {integrity: sha512-l1u/pDjwrPyWwBd1hCkZhdsK8yLbLFPD2xWz+1tFFI7WaV9ckDZoF3woRc/0wFGRy53yrfSAVuwhoYOQnHe/fA==}

  '@cspell/dict-en-gb@1.1.33':
    resolution: {integrity: sha512-tKSSUf9BJEV+GJQAYGw5e+ouhEe2ZXE620S7BLKe3ZmpnjlNG9JqlnaBhkIMxKnNFkLY2BP/EARzw31AZnOv4g==}

  '@cspell/dict-en_us@4.3.29':
    resolution: {integrity: sha512-7kHP0sJ271oS5RqakxvhWvHFoCUFCBDV6+cgIRIpKwW0aYVB4F2AwElGsdeE/XEmihhYUje7e/e6X3IEWHrcrQ==}

  '@cspell/dict-filetypes@3.0.10':
    resolution: {integrity: sha512-JEN3627joBVtpa1yfkdN9vz1Z129PoKGHBKjXCEziJvf2Zt1LeULWYYYg/O6pzRR4yzRa5YbXDTuyrN7vX7DFg==}

  '@cspell/dict-flutter@1.1.0':
    resolution: {integrity: sha512-3zDeS7zc2p8tr9YH9tfbOEYfopKY/srNsAa+kE3rfBTtQERAZeOhe5yxrnTPoufctXLyuUtcGMUTpxr3dO0iaA==}

  '@cspell/dict-fonts@4.0.4':
    resolution: {integrity: sha512-cHFho4hjojBcHl6qxidl9CvUb492IuSk7xIf2G2wJzcHwGaCFa2o3gRcxmIg1j62guetAeDDFELizDaJlVRIOg==}

  '@cspell/dict-fsharp@1.1.0':
    resolution: {integrity: sha512-oguWmHhGzgbgbEIBKtgKPrFSVAFtvGHaQS0oj+vacZqMObwkapcTGu7iwf4V3Bc2T3caf0QE6f6rQfIJFIAVsw==}

  '@cspell/dict-fullstack@3.2.3':
    resolution: {integrity: sha512-62PbndIyQPH11mAv0PyiyT0vbwD0AXEocPpHlCHzfb5v9SspzCCbzQ/LIBiFmyRa+q5LMW35CnSVu6OXdT+LKg==}

  '@cspell/dict-gaming-terms@1.1.0':
    resolution: {integrity: sha512-46AnDs9XkgJ2f1Sqol1WgfJ8gOqp60fojpc9Wxch7x+BA63g4JfMV5/M5x0sI0TLlLY8EBSglcr8wQF/7C80AQ==}

  '@cspell/dict-git@3.0.4':
    resolution: {integrity: sha512-C44M+m56rYn6QCsLbiKiedyPTMZxlDdEYAsPwwlL5bhMDDzXZ3Ic8OCQIhMbiunhCOJJT+er4URmOmM+sllnjg==}

  '@cspell/dict-golang@6.0.18':
    resolution: {integrity: sha512-Mt+7NwfodDwUk7423DdaQa0YaA+4UoV3XSxQwZioqjpFBCuxfvvv4l80MxCTAAbK6duGj0uHbGTwpv8fyKYPKg==}

  '@cspell/dict-google@1.0.5':
    resolution: {integrity: sha512-KNrzfUsoFat94slWzo36g601sIGz6KtE4kBMM0gpqwFLK/MXRyaW65IL4SwysY0PEhuRzg9spLLMnUXuVcY2hQ==}

  '@cspell/dict-haskell@4.0.5':
    resolution: {integrity: sha512-s4BG/4tlj2pPM9Ha7IZYMhUujXDnI0Eq1+38UTTCpatYLbQqDwRFf2KNPLRqkroU+a44yTUAe0rkkKbwy4yRtQ==}

  '@cspell/dict-html-symbol-entities@4.0.3':
    resolution: {integrity: sha512-aABXX7dMLNFdSE8aY844X4+hvfK7977sOWgZXo4MTGAmOzR8524fjbJPswIBK7GaD3+SgFZ2yP2o0CFvXDGF+A==}

  '@cspell/dict-html@4.0.11':
    resolution: {integrity: sha512-QR3b/PB972SRQ2xICR1Nw/M44IJ6rjypwzA4jn+GH8ydjAX9acFNfc+hLZVyNe0FqsE90Gw3evLCOIF0vy1vQw==}

  '@cspell/dict-java@5.0.11':
    resolution: {integrity: sha512-T4t/1JqeH33Raa/QK/eQe26FE17eUCtWu+JsYcTLkQTci2dk1DfcIKo8YVHvZXBnuM43ATns9Xs0s+AlqDeH7w==}

  '@cspell/dict-julia@1.1.0':
    resolution: {integrity: sha512-CPUiesiXwy3HRoBR3joUseTZ9giFPCydSKu2rkh6I2nVjXnl5vFHzOMLXpbF4HQ1tH2CNfnDbUndxD+I+7eL9w==}

  '@cspell/dict-k8s@1.0.10':
    resolution: {integrity: sha512-313haTrX9prep1yWO7N6Xw4D6tvUJ0Xsx+YhCP+5YrrcIKoEw5Rtlg8R4PPzLqe6zibw6aJ+Eqq+y76Vx5BZkw==}

  '@cspell/dict-latex@4.0.3':
    resolution: {integrity: sha512-2KXBt9fSpymYHxHfvhUpjUFyzrmN4c4P8mwIzweLyvqntBT3k0YGZJSriOdjfUjwSygrfEwiuPI1EMrvgrOMJw==}

  '@cspell/dict-lorem-ipsum@4.0.4':
    resolution: {integrity: sha512-+4f7vtY4dp2b9N5fn0za/UR0kwFq2zDtA62JCbWHbpjvO9wukkbl4rZg4YudHbBgkl73HRnXFgCiwNhdIA1JPw==}

  '@cspell/dict-lua@4.0.7':
    resolution: {integrity: sha512-Wbr7YSQw+cLHhTYTKV6cAljgMgcY+EUAxVIZW3ljKswEe4OLxnVJ7lPqZF5JKjlXdgCjbPSimsHqyAbC5pQN/Q==}

  '@cspell/dict-makefile@1.0.4':
    resolution: {integrity: sha512-E4hG/c0ekPqUBvlkrVvzSoAA+SsDA9bLi4xSV3AXHTVru7Y2bVVGMPtpfF+fI3zTkww/jwinprcU1LSohI3ylw==}

  '@cspell/dict-markdown@2.0.9':
    resolution: {integrity: sha512-j2e6Eg18BlTb1mMP1DkyRFMM/FLS7qiZjltpURzDckB57zDZbUyskOFdl4VX7jItZZEeY0fe22bSPOycgS1Z5A==}
    peerDependencies:
      '@cspell/dict-css': ^4.0.17
      '@cspell/dict-html': ^4.0.11
      '@cspell/dict-html-symbol-entities': ^4.0.3
      '@cspell/dict-typescript': ^3.2.0

  '@cspell/dict-monkeyc@1.0.10':
    resolution: {integrity: sha512-7RTGyKsTIIVqzbvOtAu6Z/lwwxjGRtY5RkKPlXKHEoEAgIXwfDxb5EkVwzGQwQr8hF/D3HrdYbRT8MFBfsueZw==}

  '@cspell/dict-node@5.0.6':
    resolution: {integrity: sha512-CEbhPCpxGvRNByGolSBTrXXW2rJA4bGqZuTx1KKO85mwR6aadeOmUE7xf/8jiCkXSy+qvr9aJeh+jlfXcsrziQ==}

  '@cspell/dict-npm@5.1.22':
    resolution: {integrity: sha512-fZBTn8QHr8pAv1/I14CmdDWpVkovCfYpSYiGfV1SZkOjrsKLzPxsP84eaP3RijbFtYj3GMplVN27FR3H5oHfiw==}

  '@cspell/dict-php@4.0.14':
    resolution: {integrity: sha512-7zur8pyncYZglxNmqsRycOZ6inpDoVd4yFfz1pQRe5xaRWMiK3Km4n0/X/1YMWhh3e3Sl/fQg5Axb2hlN68t1g==}

  '@cspell/dict-powershell@5.0.14':
    resolution: {integrity: sha512-ktjjvtkIUIYmj/SoGBYbr3/+CsRGNXGpvVANrY0wlm/IoGlGywhoTUDYN0IsGwI2b8Vktx3DZmQkfb3Wo38jBA==}

  '@cspell/dict-public-licenses@2.0.12':
    resolution: {integrity: sha512-obreJMVbz8ZrXyc60PcS/B2FwXaO3AWPO2x50zrI/n4UDuBr/UdPb6M1q++6c08n+151I35GEx52xRFiToSg4g==}

  '@cspell/dict-python@4.2.14':
    resolution: {integrity: sha512-NZ/rsTH5gqTlEwbSg0vn5b1TsyzrUvA6ykwCVCwsVDdlQAS82cyDsF9JqHp8S4d6PFykmkfSxtAXYyOUr0KCbg==}

  '@cspell/dict-r@2.1.0':
    resolution: {integrity: sha512-k2512wgGG0lTpTYH9w5Wwco+lAMf3Vz7mhqV8+OnalIE7muA0RSuD9tWBjiqLcX8zPvEJr4LdgxVju8Gk3OKyA==}

  '@cspell/dict-ruby@5.0.7':
    resolution: {integrity: sha512-4/d0hcoPzi5Alk0FmcyqlzFW9lQnZh9j07MJzPcyVO62nYJJAGKaPZL2o4qHeCS/od/ctJC5AHRdoUm0ktsw6Q==}

  '@cspell/dict-rust@4.0.11':
    resolution: {integrity: sha512-OGWDEEzm8HlkSmtD8fV3pEcO2XBpzG2XYjgMCJCRwb2gRKvR+XIm6Dlhs04N/K2kU+iH8bvrqNpM8fS/BFl0uw==}

  '@cspell/dict-scala@5.0.7':
    resolution: {integrity: sha512-yatpSDW/GwulzO3t7hB5peoWwzo+Y3qTc0pO24Jf6f88jsEeKmDeKkfgPbYuCgbE4jisGR4vs4+jfQZDIYmXPA==}

  '@cspell/dict-shell@1.1.0':
    resolution: {integrity: sha512-D/xHXX7T37BJxNRf5JJHsvziFDvh23IF/KvkZXNSh8VqcRdod3BAz9VGHZf6VDqcZXr1VRqIYR3mQ8DSvs3AVQ==}

  '@cspell/dict-software-terms@4.2.2':
    resolution: {integrity: sha512-cgteXRzx2W/Ug7QSdFJrVxLES7krrZEjZ9J6sXRWOsVYFpgu2Gup8NKmjKOZ8NTnCjHQFrMnbmKdv56q9Kwixw==}

  '@cspell/dict-sql@2.2.0':
    resolution: {integrity: sha512-MUop+d1AHSzXpBvQgQkCiok8Ejzb+nrzyG16E8TvKL2MQeDwnIvMe3bv90eukP6E1HWb+V/MA/4pnq0pcJWKqQ==}

  '@cspell/dict-svelte@1.0.6':
    resolution: {integrity: sha512-8LAJHSBdwHCoKCSy72PXXzz7ulGROD0rP1CQ0StOqXOOlTUeSFaJJlxNYjlONgd2c62XBQiN2wgLhtPN+1Zv7Q==}

  '@cspell/dict-swift@2.0.5':
    resolution: {integrity: sha512-3lGzDCwUmnrfckv3Q4eVSW3sK3cHqqHlPprFJZD4nAqt23ot7fic5ALR7J4joHpvDz36nHX34TgcbZNNZOC/JA==}

  '@cspell/dict-terraform@1.1.0':
    resolution: {integrity: sha512-G55pcUUxeXAhejstmD35B47SkFd4uqCQimc+CMgq8Nx0dr03guL2iMsz8faRWQGkCnGimX8S91rbOhDv9p/heg==}

  '@cspell/dict-typescript@3.2.0':
    resolution: {integrity: sha512-Pk3zNePLT8qg51l0M4g1ISowYAEGxTuNfZlgkU5SvHa9Cu7x/BWoyYq9Fvc3kAyoisCjRPyvWF4uRYrPitPDFw==}

  '@cspell/dict-vue@3.0.4':
    resolution: {integrity: sha512-0dPtI0lwHcAgSiQFx8CzvqjdoXROcH+1LyqgROCpBgppommWpVhbQ0eubnKotFEXgpUCONVkeZJ6Ql8NbTEu+w==}

  '@cspell/dynamic-import@8.17.1':
    resolution: {integrity: sha512-XQtr2olYOtqbg49E+8SISd6I5DzfxmsKINDn0ZgaTFeLalnNdF3ewDU4gOEbApIzGffRa1mW9t19MsiVrznSDw==}
    engines: {node: '>=18.0'}

  '@cspell/filetypes@8.17.1':
    resolution: {integrity: sha512-AxYw6j7EPYtDFAFjwybjFpMc9waXQzurfBXmEVfQ5RQRlbylujLZWwR6GnMqofeNg4oGDUpEjcAZFrgdkvMQlA==}
    engines: {node: '>=18'}

  '@cspell/strong-weak-map@8.17.1':
    resolution: {integrity: sha512-8cY3vLAKdt5gQEMM3Gr57BuQ8sun2NjYNh9qTdrctC1S9gNC7XzFghTYAfHSWR4VrOUcMFLO/izMdsc1KFvFOA==}
    engines: {node: '>=18'}

  '@cspell/url@8.17.1':
    resolution: {integrity: sha512-LMvReIndW1ckvemElfDgTt282fb2C3C/ZXfsm0pJsTV5ZmtdelCHwzmgSBmY5fDr7D66XDp8EurotSE0K6BTvw==}
    engines: {node: '>=18.0'}

  ansi-escapes@7.0.0:
    resolution: {integrity: sha512-GdYO7a61mR0fOlAsvC9/rIHf7L96sBc6dEWzeOu+KAea5bZyQRPIpojrVoI4AXGJS/ycu/fBTdLrUkA4ODrvjw==}
    engines: {node: '>=18'}

  ansi-regex@6.1.0:
    resolution: {integrity: sha512-7HSX4QQb4CspciLpVFwyRe79O3xsIZDDLER21kERQ71oaPodF8jL725AgJMFAYbooIqolJoRLuM81SpeUkpkvA==}
    engines: {node: '>=12'}

  ansi-styles@6.2.1:
    resolution: {integrity: sha512-bN798gFfQX+viw3R7yrGWRqnrN2oRkEkUjjl4JNn4E8GxxbjtG3FbrEIIY3l8/hrwUwIeCZvi4QuOTP4MErVug==}
    engines: {node: '>=12'}

  array-timsort@1.0.3:
    resolution: {integrity: sha512-/+3GRL7dDAGEfM6TseQk/U+mi18TU2Ms9I3UlLdUMhz2hbvGNTKdj9xniwXfUqgYhHxRx0+8UnKkvlNwVU+cWQ==}

  braces@3.0.3:
    resolution: {integrity: sha512-yQbXgO/OSZVD2IsiLlro+7Hf6Q18EJrKSEsdoMzKePKXct3gvD8oLcOQdIzGupr5Fj+EDe8gO/lxc1BzfMpxvA==}
    engines: {node: '>=8'}

  callsites@3.1.0:
    resolution: {integrity: sha512-P8BjAsXvZS+VIDUI11hHCQEv74YT67YUi5JJFNWIqL235sBmjX4+qx9Muvls5ivyNENctx46xQLQ3aTuE7ssaQ==}
    engines: {node: '>=6'}

  chalk-template@1.1.0:
    resolution: {integrity: sha512-T2VJbcDuZQ0Tb2EWwSotMPJjgpy1/tGee1BTpUNsGZ/qgNjV2t7Mvu+d4600U564nbLesN1x2dPL+xii174Ekg==}
    engines: {node: '>=14.16'}

  chalk@5.4.1:
    resolution: {integrity: sha512-zgVZuo2WcZgfUEmsn6eO3kINexW8RAE4maiQ8QNs8CtpPCSyMiYsULR3HQYkm3w8FIA3SberyMJMSldGsW+U3w==}
    engines: {node: ^12.17.0 || ^14.13 || >=16.0.0}

  clear-module@4.1.2:
    resolution: {integrity: sha512-LWAxzHqdHsAZlPlEyJ2Poz6AIs384mPeqLVCru2p0BrP9G/kVGuhNyZYClLO6cXlnuJjzC8xtsJIuMjKqLXoAw==}
    engines: {node: '>=8'}

  cli-cursor@5.0.0:
    resolution: {integrity: sha512-aCj4O5wKyszjMmDT4tZj93kxyydN/K5zPWSCe6/0AV/AA1pqe5ZBIw0a2ZfPQV7lL5/yb5HsUreJ6UFAF1tEQw==}
    engines: {node: '>=18'}

  cli-truncate@4.0.0:
    resolution: {integrity: sha512-nPdaFdQ0h/GEigbPClz11D0v/ZJEwxmeVZGeMo3Z5StPtUTkA9o1lD6QwoirYiSDzbcwn2XcjwmCp68W1IS4TA==}
    engines: {node: '>=18'}

  colorette@2.0.20:
    resolution: {integrity: sha512-IfEDxwoWIjkeXL1eXcDiow4UbKjhLdq6/EuSVR9GMN7KVH3r9gQ83e73hsz1Nd1T3ijd5xv1wcWRYO+D6kCI2w==}

  commander@12.1.0:
    resolution: {integrity: sha512-Vw8qHK3bZM9y/P10u3Vib8o/DdkvA2OtPtZvD871QKjy74Wj1WSKFILMPRPSdUSx5RFK1arlJzEtA4PkFgnbuA==}
    engines: {node: '>=18'}

  comment-json@4.2.5:
    resolution: {integrity: sha512-bKw/r35jR3HGt5PEPm1ljsQQGyCrR8sFGNiN5L+ykDHdpO8Smxkrkla9Yi6NkQyUrb8V54PGhfMs6NrIwtxtdw==}
    engines: {node: '>= 6'}

  core-util-is@1.0.3:
    resolution: {integrity: sha512-ZQBvi1DcpJ4GDqanjucZ2Hj3wEO5pZDS89BWbkcrvdxksJorwUDDZamX9ldFkp9aw2lmBDLgkObEA4DWNJ9FYQ==}

  cross-spawn@7.0.6:
    resolution: {integrity: sha512-uV2QOWP2nWzsy2aMp8aRibhi9dlzF5Hgh5SHaB9OiTGEyDTiJJyx0uy51QXdyWbtAHNua4XJzUKca3OzKUd3vA==}
    engines: {node: '>= 8'}

  cspell-config-lib@8.17.1:
    resolution: {integrity: sha512-x1S7QWprgUcwuwiJB1Ng0ZTBC4G50qP9qQyg/aroMkcdMsHfk26E8jUGRPNt4ftHFzS4YMhwtXuJQ9IgRUuNPA==}
    engines: {node: '>=18'}

  cspell-dictionary@8.17.1:
    resolution: {integrity: sha512-zSl9l3wii+x16yc2NVZl/+CMLeLBAiuEd5YoFkOYPcbTJnfPwdjMNcj71u7wBvNJ+qwbF+kGbutEt15yHW3NBw==}
    engines: {node: '>=18'}

  cspell-gitignore@8.17.1:
    resolution: {integrity: sha512-bk727Zf4FBCjm9Mwvyreyhgjwe+YhPQEW7PldkHiinKd+Irfez4s8GXLQb1EgV0UpvViqaqBqLmngjZdS30BTA==}
    engines: {node: '>=18'}
    hasBin: true

  cspell-glob@8.17.1:
    resolution: {integrity: sha512-cUwM5auSt0RvLX7UkP2GEArJRWc85l51B1voArl+3ZIKeMZwcJpJgN3qvImtF8yRTZwYeYCs1sgsihb179q+mg==}
    engines: {node: '>=18'}

  cspell-grammar@8.17.1:
    resolution: {integrity: sha512-H5tLcBuW7aUj9L0rR+FSbnWPEsWb8lWppHVidtqw9Ll1CUHWOZC9HTB2RdrhJZrsz/8DJbM2yNbok0Xt0VAfdw==}
    engines: {node: '>=18'}
    hasBin: true

  cspell-io@8.17.1:
    resolution: {integrity: sha512-liIOsblt7oVItifzRAbuxiYrwlgw1VOqKppMxVKtYoAn2VUuuEpjCj6jLWpoTqSszR/38o7ChsHY1LHakhJZmw==}
    engines: {node: '>=18'}

  cspell-lib@8.17.1:
    resolution: {integrity: sha512-66n83Q7bK5tnvkDH7869/pBY/65AKmZVfCOAlsbhJn3YMDbNHFCHR0d1oNMlqG+n65Aco89VGwYfXxImZY+/mA==}
    engines: {node: '>=18'}

  cspell-trie-lib@8.17.1:
    resolution: {integrity: sha512-13WNa5s75VwOjlGzWprmfNbBFIfXyA7tYYrbV+LugKkznyNZJeJPojHouEudcLq3SYb2Q6tJ7qyWcuT5bR9qPA==}
    engines: {node: '>=18'}

  cspell@8.17.1:
    resolution: {integrity: sha512-D0lw8XTXrTycNzOn5DkfPJNUT00X53OgvFDm+0SzhBr1r+na8LEh3CnQ6zKYVU0fL0x8vU82vs4jmGjDho9mPg==}
    engines: {node: '>=18'}
    hasBin: true

  debug@4.4.0:
    resolution: {integrity: sha512-6WTZ/IxCY/T6BALoZHaE4ctp9xm+Z5kY/pzYaCHRFeyVhojxlrm+46y68HA6hr0TcwEssoxNiDEUJQjfPZ/RYA==}
    engines: {node: '>=6.0'}
    peerDependencies:
      supports-color: '*'
    peerDependenciesMeta:
      supports-color:
        optional: true

  emoji-regex@10.4.0:
    resolution: {integrity: sha512-EC+0oUMY1Rqm4O6LLrgjtYDvcVYTy7chDnM4Q7030tP4Kwj3u/pR6gP9ygnp2CJMK5Gq+9Q2oqmrFJAz01DXjw==}

  env-paths@3.0.0:
    resolution: {integrity: sha512-dtJUTepzMW3Lm/NPxRf3wP4642UWhjL2sQxc+ym2YMj1m/H2zDNQOlezafzkHwn6sMstjHTwG6iQQsctDW/b1A==}
    engines: {node: ^12.20.0 || ^14.13.1 || >=16.0.0}

  environment@1.1.0:
    resolution: {integrity: sha512-xUtoPkMggbz0MPyPiIWr1Kp4aeWJjDZ6SMvURhimjdZgsRuDplF5/s9hcgGhyXMhs+6vpnuoiZ2kFiu3FMnS8Q==}
    engines: {node: '>=18'}

  esprima@4.0.1:
    resolution: {integrity: sha512-eGuFFw7Upda+g4p+QHvnW0RyTX/SVeJBDM/gCtMARO0cLuT2HcEKnTPvhjV6aGeqrCB/sbNop0Kszm0jsaWU4A==}
    engines: {node: '>=4'}
    hasBin: true

  eventemitter3@5.0.1:
    resolution: {integrity: sha512-GWkBvjiSZK87ELrYOSESUYeVIc9mvLLf/nXalMOS5dYrgZq9o5OVkbZAVM06CVxYsCwH9BDZFPlQTlPA1j4ahA==}

  execa@8.0.1:
    resolution: {integrity: sha512-VyhnebXciFV2DESc+p6B+y0LjSm0krU4OgJN44qFAhBY0TJ+1V61tYD2+wHusZ6F9n5K+vl8k0sTy7PEfV4qpg==}
    engines: {node: '>=16.17'}

  fast-equals@5.2.2:
    resolution: {integrity: sha512-V7/RktU11J3I36Nwq2JnZEM7tNm17eBJz+u25qdxBZeCKiX6BkVSZQjwWIr+IobgnZy+ag73tTZgZi7tr0LrBw==}
    engines: {node: '>=6.0.0'}

  fast-json-stable-stringify@2.1.0:
    resolution: {integrity: sha512-lhd/wF+Lk98HZoTCtlVraHtfh5XYijIjalXck7saUtuanSDyLMxnHhSXEDJqHxD7msR8D0uCmqlkwjCV8xvwHw==}

  fdir@6.4.2:
    resolution: {integrity: sha512-KnhMXsKSPZlAhp7+IjUkRZKPb4fUyccpDrdFXbi4QL1qkmFh9kVY09Yox+n4MaOb3lHZ1Tv829C3oaaXoMYPDQ==}
    peerDependencies:
      picomatch: ^3 || ^4
    peerDependenciesMeta:
      picomatch:
        optional: true

  file-entry-cache@9.1.0:
    resolution: {integrity: sha512-/pqPFG+FdxWQj+/WSuzXSDaNzxgTLr/OrR1QuqfEZzDakpdYE70PwUxL7BPUa8hpjbvY1+qvCl8k+8Tq34xJgg==}
    engines: {node: '>=18'}

  fill-range@7.1.1:
    resolution: {integrity: sha512-YsGpe3WHLK8ZYi4tWDg2Jy3ebRz2rXowDxnld4bkQB00cc/1Zw9AWnC0i9ztDJitivtQvaI9KaLyKrc+hBW0yg==}
    engines: {node: '>=8'}

  find-up-simple@1.0.0:
    resolution: {integrity: sha512-q7Us7kcjj2VMePAa02hDAF6d+MzsdsAWEwYyOpwUtlerRBkOEPBCRZrAV4XfcSN8fHAgaD0hP7miwoay6DCprw==}
    engines: {node: '>=18'}

  flat-cache@5.0.0:
    resolution: {integrity: sha512-JrqFmyUl2PnPi1OvLyTVHnQvwQ0S+e6lGSwu8OkAZlSaNIZciTY2H/cOOROxsBA1m/LZNHDsqAgDZt6akWcjsQ==}
    engines: {node: '>=18'}

  flatted@3.3.2:
    resolution: {integrity: sha512-AiwGJM8YcNOaobumgtng+6NHuOqC3A7MixFeDafM3X9cIUM+xUXoS5Vfgf+OihAYe20fxqNM9yPBXJzRtZ/4eA==}

  gensequence@7.0.0:
    resolution: {integrity: sha512-47Frx13aZh01afHJTB3zTtKIlFI6vWY+MYCN9Qpew6i52rfKjnhCF/l1YlC8UmEMvvntZZ6z4PiCcmyuedR2aQ==}
    engines: {node: '>=18'}

  get-east-asian-width@1.3.0:
    resolution: {integrity: sha512-vpeMIQKxczTD/0s2CdEWHcb0eeJe6TFjxb+J5xgX7hScxqrGuyjmv4c1D4A/gelKfyox0gJJwIHF+fLjeaM8kQ==}
    engines: {node: '>=18'}

  get-stdin@9.0.0:
    resolution: {integrity: sha512-dVKBjfWisLAicarI2Sf+JuBE/DghV4UzNAVe9yhEJuzeREd3JhOTE9cUaJTeSa77fsbQUK3pcOpJfM59+VKZaA==}
    engines: {node: '>=12'}

  get-stream@8.0.1:
    resolution: {integrity: sha512-VaUJspBffn/LMCJVoMvSAdmscJyS1auj5Zulnn5UoYcY531UWmdwhRWkcGKnGU93m5HSXP9LP2usOryrBtQowA==}
    engines: {node: '>=16'}

  global-directory@4.0.1:
    resolution: {integrity: sha512-wHTUcDUoZ1H5/0iVqEudYW4/kAlN5cZ3j/bXn0Dpbizl9iaUVeWSHqiOjsgk6OW2bkLclbBjzewBz6weQ1zA2Q==}
    engines: {node: '>=18'}

  has-own-prop@2.0.0:
    resolution: {integrity: sha512-Pq0h+hvsVm6dDEa8x82GnLSYHOzNDt7f0ddFa3FqcQlgzEiptPqL+XrOJNavjOzSYiYWIrgeVYYgGlLmnxwilQ==}
    engines: {node: '>=8'}

  human-signals@5.0.0:
    resolution: {integrity: sha512-AXcZb6vzzrFAUE61HnN4mpLqd/cSIwNQjtNWR0euPm6y0iqx3G4gOXaIDdtdDwZmhwe82LA6+zinmW4UBWVePQ==}
    engines: {node: '>=16.17.0'}

  husky@9.1.7:
    resolution: {integrity: sha512-5gs5ytaNjBrh5Ow3zrvdUUY+0VxIuWVL4i9irt6friV+BqdCfmV11CQTWMiBYWHbXhco+J1kHfTOUkePhCDvMA==}
    engines: {node: '>=18'}
    hasBin: true

  import-fresh@3.3.0:
    resolution: {integrity: sha512-veYYhQa+D1QBKznvhUHxb8faxlrwUnxseDAbAp457E0wLNio2bOSKnjYDhMj+YiAq61xrMGhQk9iXVk5FzgQMw==}
    engines: {node: '>=6'}

  import-meta-resolve@4.1.0:
    resolution: {integrity: sha512-I6fiaX09Xivtk+THaMfAwnA3MVA5Big1WHF1Dfx9hFuvNIWpXnorlkzhcQf6ehrqQiiZECRt1poOAkPmer3ruw==}

  ini@4.1.1:
    resolution: {integrity: sha512-QQnnxNyfvmHFIsj7gkPcYymR8Jdw/o7mp5ZFihxn6h8Ci6fh3Dx4E1gPjpQEpIuPo9XVNY/ZUwh4BPMjGyL01g==}
    engines: {node: ^14.17.0 || ^16.13.0 || >=18.0.0}

  is-fullwidth-code-point@4.0.0:
    resolution: {integrity: sha512-O4L094N2/dZ7xqVdrXhh9r1KODPJpFms8B5sGdJLPy664AgvXsreZUyCQQNItZRDlYug4xStLjNp/sz3HvBowQ==}
    engines: {node: '>=12'}

  is-fullwidth-code-point@5.0.0:
    resolution: {integrity: sha512-OVa3u9kkBbw7b8Xw5F9P+D/T9X+Z4+JruYVNapTjPYZYUznQ5YfWeFkOj606XYYW8yugTfC8Pj0hYqvi4ryAhA==}
    engines: {node: '>=18'}

  is-number@7.0.0:
    resolution: {integrity: sha512-41Cifkg6e8TylSpdtTpeLVMqvSBEVzTttHvERD741+pnZ8ANv0004MRL43QKPDlK9cGvNp6NZWZUBlbGXYxxng==}
    engines: {node: '>=0.12.0'}

  is-stream@3.0.0:
    resolution: {integrity: sha512-LnQR4bZ9IADDRSkvpqMGvt/tEJWclzklNgSw48V5EAaAeDd6qGvN8ei6k5p0tvxSR171VmGyHuTiAOfxAbr8kA==}
    engines: {node: ^12.20.0 || ^14.13.1 || >=16.0.0}

  isexe@2.0.0:
    resolution: {integrity: sha512-RHxMLp9lnKHGHRng9QFhRCMbYAcVpn69smSGcq3f36xjgVVWThj4qqLbTLlq7Ssj8B+fIQ1EuCEGI2lKsyQeIw==}

  json-buffer@3.0.1:
    resolution: {integrity: sha512-4bV5BfR2mqfQTJm+V5tPPdf+ZpuhiIvTuAB5g8kcrXOZpTT/QwwVRWBywX1ozr6lEuPdbHxwaJlm9G6mI2sfSQ==}

  keyv@4.5.4:
    resolution: {integrity: sha512-oxVHkHR/EJf2CNXnWxRLW6mg7JyCCUcG0DtEGmL2ctUo1PNTin1PUil+r/+4r5MpVgC/fn1kjsx7mjSujKqIpw==}

  lilconfig@3.1.3:
    resolution: {integrity: sha512-/vlFKAoH5Cgt3Ie+JLhRbwOsCQePABiU3tJ1egGvyQ+33R/vcwM2Zl2QR/LzjsBeItPt3oSVXapn+m4nQDvpzw==}
    engines: {node: '>=14'}

  lint-staged@15.3.0:
    resolution: {integrity: sha512-vHFahytLoF2enJklgtOtCtIjZrKD/LoxlaUusd5nh7dWv/dkKQJY74ndFSzxCdv7g0ueGg1ORgTSt4Y9LPZn9A==}
    engines: {node: '>=18.12.0'}
    hasBin: true

  listr2@8.2.5:
    resolution: {integrity: sha512-iyAZCeyD+c1gPyE9qpFu8af0Y+MRtmKOncdGoA2S5EY8iFq99dmmvkNnHiWo+pj0s7yH7l3KPIgee77tKpXPWQ==}
    engines: {node: '>=18.0.0'}

  log-update@6.1.0:
    resolution: {integrity: sha512-9ie8ItPR6tjY5uYJh8K/Zrv/RMZ5VOlOWvtZdEHYSTFKZfIBPQa9tOAEeAWhd+AnIneLJ22w5fjOYtoutpWq5w==}
    engines: {node: '>=18'}

  merge-stream@2.0.0:
    resolution: {integrity: sha512-abv/qOcuPfk3URPfDzmZU1LKmuw8kT+0nIHvKrKgFrwifol/doWcdA4ZqsWQ8ENrFKkd67Mfpo/LovbIUsbt3w==}

  micromatch@4.0.8:
    resolution: {integrity: sha512-PXwfBhYu0hBCPw8Dn0E+WDYb7af3dSLVWKi3HGv84IdF4TyFoC0ysxFd0Goxw7nSv4T/PzEJQxsYsEiFCKo2BA==}
    engines: {node: '>=8.6'}

  mimic-fn@4.0.0:
    resolution: {integrity: sha512-vqiC06CuhBTUdZH+RYl8sFrL096vA45Ok5ISO6sE/Mr1jRbGH4Csnhi8f3wKVl7x8mO4Au7Ir9D3Oyv1VYMFJw==}
    engines: {node: '>=12'}

  mimic-function@5.0.1:
    resolution: {integrity: sha512-VP79XUPxV2CigYP3jWwAUFSku2aKqBH7uTAapFWCBqutsbmDo96KY5o8uh6U+/YSIn5OxJnXp73beVkpqMIGhA==}
    engines: {node: '>=18'}

  ms@2.1.3:
    resolution: {integrity: sha512-6FlzubTLZG3J2a/NVCAleEhjzq5oxgHyaCU9yYXvcLsvoVaHJq/s5xXI6/XXP6tz7R9xAOtHnSO/tXtF3WRTlA==}

  npm-run-path@5.3.0:
    resolution: {integrity: sha512-ppwTtiJZq0O/ai0z7yfudtBpWIoxM8yE6nHi1X47eFR2EWORqfbu6CnPlNsjeN683eT0qG6H/Pyf9fCcvjnnnQ==}
    engines: {node: ^12.20.0 || ^14.13.1 || >=16.0.0}

  onetime@6.0.0:
    resolution: {integrity: sha512-1FlR+gjXK7X+AsAHso35MnyN5KqGwJRi/31ft6x0M194ht7S+rWAvd7PHss9xSKMzE0asv1pyIHaJYq+BbacAQ==}
    engines: {node: '>=12'}

  onetime@7.0.0:
    resolution: {integrity: sha512-VXJjc87FScF88uafS3JllDgvAm+c/Slfz06lorj2uAY34rlUu0Nt+v8wreiImcrgAjjIHp1rXpTDlLOGw29WwQ==}
    engines: {node: '>=18'}

  parent-module@1.0.1:
    resolution: {integrity: sha512-GQ2EWRpQV8/o+Aw8YqtfZZPfNRWZYkbidE9k5rpl/hC3vtHHBfGm2Ifi6qWV+coDGkrUKZAxE3Lot5kcsRlh+g==}
    engines: {node: '>=6'}

  parent-module@2.0.0:
    resolution: {integrity: sha512-uo0Z9JJeWzv8BG+tRcapBKNJ0dro9cLyczGzulS6EfeyAdeC9sbojtW6XwvYxJkEne9En+J2XEl4zyglVeIwFg==}
    engines: {node: '>=8'}

  path-key@3.1.1:
    resolution: {integrity: sha512-ojmeN0qd+y0jszEtoY48r0Peq5dwMEkIlCOu6Q5f41lfkswXuKtYrhgoTpLnyIcHm24Uhqx+5Tqm2InSwLhE6Q==}
    engines: {node: '>=8'}

  path-key@4.0.0:
    resolution: {integrity: sha512-haREypq7xkM7ErfgIyA0z+Bj4AGKlMSdlQE2jvJo6huWD1EdkKYV+G/T4nq0YEF2vgTT8kqMFKo1uHn950r4SQ==}
    engines: {node: '>=12'}

  picomatch@2.3.1:
    resolution: {integrity: sha512-JU3teHTNjmE2VCGFzuY8EXzCDVwEqB2a8fsIvwaStHhAWJEeVd1o1QD80CU6+ZdEXXSLbSsuLwJjkCBWqRQUVA==}
    engines: {node: '>=8.6'}

  picomatch@4.0.2:
    resolution: {integrity: sha512-M7BAV6Rlcy5u+m6oPhAPFgJTzAioX/6B0DxyvDlo9l8+T3nLKbrczg2WLUyzd45L8RqfUMyGPzekbMvX2Ldkwg==}
    engines: {node: '>=12'}

  pidtree@0.6.0:
    resolution: {integrity: sha512-eG2dWTVw5bzqGRztnHExczNxt5VGsE6OwTeCG3fdUf9KBsZzO3R5OIIIzWR+iZA0NtZ+RDVdaoE2dK1cn6jH4g==}
    engines: {node: '>=0.10'}
    hasBin: true

  prettier@2.8.1:
    resolution: {integrity: sha512-lqGoSJBQNJidqCHE80vqZJHWHRFoNYsSpP9AjFhlhi9ODCJA541svILes/+/1GM3VaL/abZi7cpFzOpdR9UPKg==}
    engines: {node: '>=10.13.0'}
    hasBin: true

  repeat-string@1.6.1:
    resolution: {integrity: sha512-PV0dzCYDNfRi1jCDbJzpW7jNNDRuCOG/jI5ctQcGKt/clZD+YcPS3yIlWuTJMmESC8aevCFmWJy5wjAFgNqN6w==}
    engines: {node: '>=0.10'}

  resolve-from@4.0.0:
    resolution: {integrity: sha512-pb/MYmXstAkysRFx8piNI1tGFNQIFA3vkE3Gq4EuA1dF6gHp/+vgZqsCGJapvy8N3Q+4o7FwvquPJcnZ7RYy4g==}
    engines: {node: '>=4'}

  resolve-from@5.0.0:
    resolution: {integrity: sha512-qYg9KP24dD5qka9J47d0aVky0N+b4fTU89LN9iDnjB5waksiC49rvMB0PrUJQGoTmH50XPiqOvAjDfaijGxYZw==}
    engines: {node: '>=8'}

  restore-cursor@5.1.0:
    resolution: {integrity: sha512-oMA2dcrw6u0YfxJQXm342bFKX/E4sG9rbTzO9ptUcR/e8A33cHuvStiYOwH7fszkZlZ1z/ta9AAoPk2F4qIOHA==}
    engines: {node: '>=18'}

  rfdc@1.4.1:
    resolution: {integrity: sha512-q1b3N5QkRUWUl7iyylaaj3kOpIT0N2i9MqIEQXP73GVsN9cw3fdx8X63cEmWhJGi2PPCF23Ijp7ktmd39rawIA==}

  semver@7.6.3:
    resolution: {integrity: sha512-oVekP1cKtI+CTDvHWYFUcMtsK/00wmAEfyqKfNdARm8u1wNVhSgaX7A8d4UuIlUI5e84iEwOhs7ZPYRmzU9U6A==}
    engines: {node: '>=10'}
    hasBin: true

  shebang-command@2.0.0:
    resolution: {integrity: sha512-kHxr2zZpYtdmrN1qDjrrX/Z1rR1kG8Dx+gkpK1G4eXmvXswmcE1hTWBWYUzlraYw1/yZp6YuDY77YtvbN0dmDA==}
    engines: {node: '>=8'}

  shebang-regex@3.0.0:
    resolution: {integrity: sha512-7++dFhtcx3353uBaq8DDR4NuxBetBzC7ZQOhmTQInHEd6bSrXdiEyzCvG07Z44UYdLShWUyXt5M/yhz8ekcb1A==}
    engines: {node: '>=8'}

  signal-exit@4.1.0:
    resolution: {integrity: sha512-bzyZ1e88w9O1iNJbKnOlvYTrWPDl46O1bG0D3XInv+9tkPrxrN8jUUTiFlDkkmKWgn1M6CfIA13SuGqOa9Korw==}
    engines: {node: '>=14'}

  slice-ansi@5.0.0:
    resolution: {integrity: sha512-FC+lgizVPfie0kkhqUScwRu1O/lF6NOgJmlCgK+/LYxDCTk8sGelYaHDhFcDN+Sn3Cv+3VSa4Byeo+IMCzpMgQ==}
    engines: {node: '>=12'}

  slice-ansi@7.1.0:
    resolution: {integrity: sha512-bSiSngZ/jWeX93BqeIAbImyTbEihizcwNjFoRUIY/T1wWQsfsm2Vw1agPKylXvQTU7iASGdHhyqRlqQzfz+Htg==}
    engines: {node: '>=18'}

  string-argv@0.3.2:
    resolution: {integrity: sha512-aqD2Q0144Z+/RqG52NeHEkZauTAUWJO8c6yTftGJKO3Tja5tUgIfmIl6kExvhtxSDP7fXB6DvzkfMpCd/F3G+Q==}
    engines: {node: '>=0.6.19'}

  string-width@7.2.0:
    resolution: {integrity: sha512-tsaTIkKW9b4N+AEj+SVA+WhJzV7/zMhcSu78mLKWSk7cXMOSHsBKFWUs0fWwq8QyK3MgJBQRX6Gbi4kYbdvGkQ==}
    engines: {node: '>=18'}

  strip-ansi@7.1.0:
    resolution: {integrity: sha512-iq6eVVI64nQQTRYq2KtEg2d2uU7LElhTJwsH4YzIHZshxlgZms/wIc4VoDQTlG/IvVIrBKG06CrZnp0qv7hkcQ==}
    engines: {node: '>=12'}

  strip-final-newline@3.0.0:
    resolution: {integrity: sha512-dOESqjYr96iWYylGObzd39EuNTa5VJxyvVAEm5Jnh7KGo75V43Hk1odPQkNDyXNmUR6k+gEiDVXnjB8HJ3crXw==}
    engines: {node: '>=12'}

  tinyglobby@0.2.10:
    resolution: {integrity: sha512-Zc+8eJlFMvgatPZTl6A9L/yht8QqdmUNtURHaKZLmKBE12hNPSrqNkUp2cs3M/UKmNVVAMFQYSjYIVHDjW5zew==}
    engines: {node: '>=12.0.0'}

  to-regex-range@5.0.1:
    resolution: {integrity: sha512-65P7iz6X5yEr1cwcgvQxbbIw7Uk3gOy5dIdtZ4rDveLqhrdJP+Li/Hx6tyK0NEb+2GCyneCMJiGqrADCSNk8sQ==}
    engines: {node: '>=8.0'}

  vscode-languageserver-textdocument@1.0.12:
    resolution: {integrity: sha512-cxWNPesCnQCcMPeenjKKsOCKQZ/L6Tv19DTRIGuLWe32lyzWhihGVJ/rcckZXJxfdKCFvRLS3fpBIsV/ZGX4zA==}

  vscode-uri@3.0.8:
    resolution: {integrity: sha512-AyFQ0EVmsOZOlAnxoFOGOq1SQDWAB7C6aqMGS23svWAllfOaxbuFvcT8D1i8z3Gyn8fraVeZNNmN6e9bxxXkKw==}

  which@2.0.2:
    resolution: {integrity: sha512-BLI3Tl1TW3Pvl70l3yq3Y64i+awpwXqsGBYWkkqMtnbXgrMD+yj7rhW0kuEDxzJaYXGjEW5ogapKNMEKNMjibA==}
    engines: {node: '>= 8'}
    hasBin: true

  wrap-ansi@9.0.0:
    resolution: {integrity: sha512-G8ura3S+3Z2G+mkgNRq8dqaFZAuxfsxpBB8OCTGRTCtp+l/v9nbFNmCUP1BZMts3G1142MsZfn6eeUKrr4PD1Q==}
    engines: {node: '>=18'}

  xdg-basedir@5.1.0:
    resolution: {integrity: sha512-GCPAHLvrIH13+c0SuacwvRYj2SxJXQ4kaVTT5xgL3kPrz56XxkF21IGhjSE1+W0aw7gpBWRGXLCPnPby6lSpmQ==}
    engines: {node: '>=12'}

  yaml@2.6.1:
    resolution: {integrity: sha512-7r0XPzioN/Q9kXBro/XPnA6kznR73DHq+GXh5ON7ZozRO6aMjbmiBuKste2wslTFkC5d1dw0GooOCepZXJ2SAg==}
    engines: {node: '>= 14'}
    hasBin: true

  yaml@2.7.0:
    resolution: {integrity: sha512-+hSoy/QHluxmC9kCIJyL/uyFmLmc+e5CFR5Wa+bpIhIj85LVb9ZH2nVnqrHoSvKogwODv0ClqZkmiSSaIH5LTA==}
    engines: {node: '>= 14'}
    hasBin: true

snapshots:

  '@cspell/cspell-bundled-dicts@8.17.1':
    dependencies:
      '@cspell/dict-ada': 4.1.0
      '@cspell/dict-al': 1.1.0
      '@cspell/dict-aws': 4.0.9
      '@cspell/dict-bash': 4.2.0
      '@cspell/dict-companies': 3.1.12
      '@cspell/dict-cpp': 6.0.3
      '@cspell/dict-cryptocurrencies': 5.0.4
      '@cspell/dict-csharp': 4.0.6
      '@cspell/dict-css': 4.0.17
      '@cspell/dict-dart': 2.3.0
      '@cspell/dict-django': 4.1.4
      '@cspell/dict-docker': 1.1.12
      '@cspell/dict-dotnet': 5.0.9
      '@cspell/dict-elixir': 4.0.7
      '@cspell/dict-en-common-misspellings': 2.0.8
      '@cspell/dict-en-gb': 1.1.33
      '@cspell/dict-en_us': 4.3.29
      '@cspell/dict-filetypes': 3.0.10
      '@cspell/dict-flutter': 1.1.0
      '@cspell/dict-fonts': 4.0.4
      '@cspell/dict-fsharp': 1.1.0
      '@cspell/dict-fullstack': 3.2.3
      '@cspell/dict-gaming-terms': 1.1.0
      '@cspell/dict-git': 3.0.4
      '@cspell/dict-golang': 6.0.18
      '@cspell/dict-google': 1.0.5
      '@cspell/dict-haskell': 4.0.5
      '@cspell/dict-html': 4.0.11
      '@cspell/dict-html-symbol-entities': 4.0.3
      '@cspell/dict-java': 5.0.11
      '@cspell/dict-julia': 1.1.0
      '@cspell/dict-k8s': 1.0.10
      '@cspell/dict-latex': 4.0.3
      '@cspell/dict-lorem-ipsum': 4.0.4
      '@cspell/dict-lua': 4.0.7
      '@cspell/dict-makefile': 1.0.4
      '@cspell/dict-markdown': 2.0.9(@cspell/dict-css@4.0.17)(@cspell/dict-html-symbol-entities@4.0.3)(@cspell/dict-html@4.0.11)(@cspell/dict-typescript@3.2.0)
      '@cspell/dict-monkeyc': 1.0.10
      '@cspell/dict-node': 5.0.6
      '@cspell/dict-npm': 5.1.22
      '@cspell/dict-php': 4.0.14
      '@cspell/dict-powershell': 5.0.14
      '@cspell/dict-public-licenses': 2.0.12
      '@cspell/dict-python': 4.2.14
      '@cspell/dict-r': 2.1.0
      '@cspell/dict-ruby': 5.0.7
      '@cspell/dict-rust': 4.0.11
      '@cspell/dict-scala': 5.0.7
      '@cspell/dict-software-terms': 4.2.2
      '@cspell/dict-sql': 2.2.0
      '@cspell/dict-svelte': 1.0.6
      '@cspell/dict-swift': 2.0.5
      '@cspell/dict-terraform': 1.1.0
      '@cspell/dict-typescript': 3.2.0
      '@cspell/dict-vue': 3.0.4

  '@cspell/cspell-json-reporter@8.17.1':
    dependencies:
      '@cspell/cspell-types': 8.17.1

  '@cspell/cspell-pipe@8.17.1': {}

  '@cspell/cspell-resolver@8.17.1':
    dependencies:
      global-directory: 4.0.1

  '@cspell/cspell-service-bus@8.17.1': {}

  '@cspell/cspell-types@8.17.1': {}

  '@cspell/dict-ada@4.1.0': {}

  '@cspell/dict-al@1.1.0': {}

  '@cspell/dict-aws@4.0.9': {}

  '@cspell/dict-bash@4.2.0':
    dependencies:
      '@cspell/dict-shell': 1.1.0

  '@cspell/dict-companies@3.1.12': {}

  '@cspell/dict-cpp@6.0.3': {}

  '@cspell/dict-cryptocurrencies@5.0.4': {}

  '@cspell/dict-csharp@4.0.6': {}

  '@cspell/dict-css@4.0.17': {}

  '@cspell/dict-dart@2.3.0': {}

  '@cspell/dict-data-science@2.0.6': {}

  '@cspell/dict-django@4.1.4': {}

  '@cspell/dict-docker@1.1.12': {}

  '@cspell/dict-dotnet@5.0.9': {}

  '@cspell/dict-elixir@4.0.7': {}

  '@cspell/dict-en-common-misspellings@2.0.8': {}

  '@cspell/dict-en-gb@1.1.33': {}

  '@cspell/dict-en_us@4.3.29': {}

  '@cspell/dict-filetypes@3.0.10': {}

  '@cspell/dict-flutter@1.1.0': {}

  '@cspell/dict-fonts@4.0.4': {}

  '@cspell/dict-fsharp@1.1.0': {}

  '@cspell/dict-fullstack@3.2.3': {}

  '@cspell/dict-gaming-terms@1.1.0': {}

  '@cspell/dict-git@3.0.4': {}

  '@cspell/dict-golang@6.0.18': {}

  '@cspell/dict-google@1.0.5': {}

  '@cspell/dict-haskell@4.0.5': {}

  '@cspell/dict-html-symbol-entities@4.0.3': {}

  '@cspell/dict-html@4.0.11': {}

  '@cspell/dict-java@5.0.11': {}

  '@cspell/dict-julia@1.1.0': {}

  '@cspell/dict-k8s@1.0.10': {}

  '@cspell/dict-latex@4.0.3': {}

  '@cspell/dict-lorem-ipsum@4.0.4': {}

  '@cspell/dict-lua@4.0.7': {}

  '@cspell/dict-makefile@1.0.4': {}

  '@cspell/dict-markdown@2.0.9(@cspell/dict-css@4.0.17)(@cspell/dict-html-symbol-entities@4.0.3)(@cspell/dict-html@4.0.11)(@cspell/dict-typescript@3.2.0)':
    dependencies:
      '@cspell/dict-css': 4.0.17
      '@cspell/dict-html': 4.0.11
      '@cspell/dict-html-symbol-entities': 4.0.3
      '@cspell/dict-typescript': 3.2.0

  '@cspell/dict-monkeyc@1.0.10': {}

  '@cspell/dict-node@5.0.6': {}

  '@cspell/dict-npm@5.1.22': {}

  '@cspell/dict-php@4.0.14': {}

  '@cspell/dict-powershell@5.0.14': {}

  '@cspell/dict-public-licenses@2.0.12': {}

  '@cspell/dict-python@4.2.14':
    dependencies:
      '@cspell/dict-data-science': 2.0.6

  '@cspell/dict-r@2.1.0': {}

  '@cspell/dict-ruby@5.0.7': {}

  '@cspell/dict-rust@4.0.11': {}

  '@cspell/dict-scala@5.0.7': {}

  '@cspell/dict-shell@1.1.0': {}

  '@cspell/dict-software-terms@4.2.2': {}

  '@cspell/dict-sql@2.2.0': {}

  '@cspell/dict-svelte@1.0.6': {}

  '@cspell/dict-swift@2.0.5': {}

  '@cspell/dict-terraform@1.1.0': {}

  '@cspell/dict-typescript@3.2.0': {}

  '@cspell/dict-vue@3.0.4': {}

  '@cspell/dynamic-import@8.17.1':
    dependencies:
      '@cspell/url': 8.17.1
      import-meta-resolve: 4.1.0

  '@cspell/filetypes@8.17.1': {}

  '@cspell/strong-weak-map@8.17.1': {}

  '@cspell/url@8.17.1': {}

  ansi-escapes@7.0.0:
    dependencies:
      environment: 1.1.0

  ansi-regex@6.1.0: {}

  ansi-styles@6.2.1: {}

  array-timsort@1.0.3: {}

  braces@3.0.3:
    dependencies:
      fill-range: 7.1.1

  callsites@3.1.0: {}

  chalk-template@1.1.0:
    dependencies:
      chalk: 5.4.1

  chalk@5.4.1: {}

  clear-module@4.1.2:
    dependencies:
      parent-module: 2.0.0
      resolve-from: 5.0.0

  cli-cursor@5.0.0:
    dependencies:
      restore-cursor: 5.1.0

  cli-truncate@4.0.0:
    dependencies:
      slice-ansi: 5.0.0
      string-width: 7.2.0

  colorette@2.0.20: {}

  commander@12.1.0: {}

  comment-json@4.2.5:
    dependencies:
      array-timsort: 1.0.3
      core-util-is: 1.0.3
      esprima: 4.0.1
      has-own-prop: 2.0.0
      repeat-string: 1.6.1

  core-util-is@1.0.3: {}

  cross-spawn@7.0.6:
    dependencies:
      path-key: 3.1.1
      shebang-command: 2.0.0
      which: 2.0.2

  cspell-config-lib@8.17.1:
    dependencies:
      '@cspell/cspell-types': 8.17.1
      comment-json: 4.2.5
      yaml: 2.7.0

  cspell-dictionary@8.17.1:
    dependencies:
      '@cspell/cspell-pipe': 8.17.1
      '@cspell/cspell-types': 8.17.1
      cspell-trie-lib: 8.17.1
      fast-equals: 5.2.2

  cspell-gitignore@8.17.1:
    dependencies:
      '@cspell/url': 8.17.1
      cspell-glob: 8.17.1
      cspell-io: 8.17.1
      find-up-simple: 1.0.0

  cspell-glob@8.17.1:
    dependencies:
      '@cspell/url': 8.17.1
      micromatch: 4.0.8

  cspell-grammar@8.17.1:
    dependencies:
      '@cspell/cspell-pipe': 8.17.1
      '@cspell/cspell-types': 8.17.1

  cspell-io@8.17.1:
    dependencies:
      '@cspell/cspell-service-bus': 8.17.1
      '@cspell/url': 8.17.1

  cspell-lib@8.17.1:
    dependencies:
      '@cspell/cspell-bundled-dicts': 8.17.1
      '@cspell/cspell-pipe': 8.17.1
      '@cspell/cspell-resolver': 8.17.1
      '@cspell/cspell-types': 8.17.1
      '@cspell/dynamic-import': 8.17.1
      '@cspell/filetypes': 8.17.1
      '@cspell/strong-weak-map': 8.17.1
      '@cspell/url': 8.17.1
      clear-module: 4.1.2
      comment-json: 4.2.5
      cspell-config-lib: 8.17.1
      cspell-dictionary: 8.17.1
      cspell-glob: 8.17.1
      cspell-grammar: 8.17.1
      cspell-io: 8.17.1
      cspell-trie-lib: 8.17.1
      env-paths: 3.0.0
      fast-equals: 5.2.2
      gensequence: 7.0.0
      import-fresh: 3.3.0
      resolve-from: 5.0.0
      vscode-languageserver-textdocument: 1.0.12
      vscode-uri: 3.0.8
      xdg-basedir: 5.1.0

  cspell-trie-lib@8.17.1:
    dependencies:
      '@cspell/cspell-pipe': 8.17.1
      '@cspell/cspell-types': 8.17.1
      gensequence: 7.0.0

  cspell@8.17.1:
    dependencies:
      '@cspell/cspell-json-reporter': 8.17.1
      '@cspell/cspell-pipe': 8.17.1
      '@cspell/cspell-types': 8.17.1
      '@cspell/dynamic-import': 8.17.1
      '@cspell/url': 8.17.1
      chalk: 5.4.1
      chalk-template: 1.1.0
      commander: 12.1.0
      cspell-dictionary: 8.17.1
      cspell-gitignore: 8.17.1
      cspell-glob: 8.17.1
      cspell-io: 8.17.1
      cspell-lib: 8.17.1
      fast-json-stable-stringify: 2.1.0
      file-entry-cache: 9.1.0
      get-stdin: 9.0.0
      semver: 7.6.3
      tinyglobby: 0.2.10

  debug@4.4.0:
    dependencies:
      ms: 2.1.3

  emoji-regex@10.4.0: {}

  env-paths@3.0.0: {}

  environment@1.1.0: {}

  esprima@4.0.1: {}

  eventemitter3@5.0.1: {}

  execa@8.0.1:
    dependencies:
      cross-spawn: 7.0.6
      get-stream: 8.0.1
      human-signals: 5.0.0
      is-stream: 3.0.0
      merge-stream: 2.0.0
      npm-run-path: 5.3.0
      onetime: 6.0.0
      signal-exit: 4.1.0
      strip-final-newline: 3.0.0

  fast-equals@5.2.2: {}

  fast-json-stable-stringify@2.1.0: {}

  fdir@6.4.2(picomatch@4.0.2):
    optionalDependencies:
      picomatch: 4.0.2

  file-entry-cache@9.1.0:
    dependencies:
      flat-cache: 5.0.0

  fill-range@7.1.1:
    dependencies:
      to-regex-range: 5.0.1

  find-up-simple@1.0.0: {}

  flat-cache@5.0.0:
    dependencies:
      flatted: 3.3.2
      keyv: 4.5.4

  flatted@3.3.2: {}

  gensequence@7.0.0: {}

  get-east-asian-width@1.3.0: {}

  get-stdin@9.0.0: {}

  get-stream@8.0.1: {}

  global-directory@4.0.1:
    dependencies:
      ini: 4.1.1

  has-own-prop@2.0.0: {}

  human-signals@5.0.0: {}

  husky@9.1.7: {}

  import-fresh@3.3.0:
    dependencies:
      parent-module: 1.0.1
      resolve-from: 4.0.0

  import-meta-resolve@4.1.0: {}

  ini@4.1.1: {}

  is-fullwidth-code-point@4.0.0: {}

  is-fullwidth-code-point@5.0.0:
    dependencies:
      get-east-asian-width: 1.3.0

  is-number@7.0.0: {}

  is-stream@3.0.0: {}

  isexe@2.0.0: {}

  json-buffer@3.0.1: {}

  keyv@4.5.4:
    dependencies:
      json-buffer: 3.0.1

  lilconfig@3.1.3: {}

  lint-staged@15.3.0:
    dependencies:
      chalk: 5.4.1
      commander: 12.1.0
      debug: 4.4.0
      execa: 8.0.1
      lilconfig: 3.1.3
      listr2: 8.2.5
      micromatch: 4.0.8
      pidtree: 0.6.0
      string-argv: 0.3.2
      yaml: 2.6.1
    transitivePeerDependencies:
      - supports-color

  listr2@8.2.5:
    dependencies:
      cli-truncate: 4.0.0
      colorette: 2.0.20
      eventemitter3: 5.0.1
      log-update: 6.1.0
      rfdc: 1.4.1
      wrap-ansi: 9.0.0

  log-update@6.1.0:
    dependencies:
      ansi-escapes: 7.0.0
      cli-cursor: 5.0.0
      slice-ansi: 7.1.0
      strip-ansi: 7.1.0
      wrap-ansi: 9.0.0

  merge-stream@2.0.0: {}

  micromatch@4.0.8:
    dependencies:
      braces: 3.0.3
      picomatch: 2.3.1

  mimic-fn@4.0.0: {}

  mimic-function@5.0.1: {}

  ms@2.1.3: {}

  npm-run-path@5.3.0:
    dependencies:
      path-key: 4.0.0

  onetime@6.0.0:
    dependencies:
      mimic-fn: 4.0.0

  onetime@7.0.0:
    dependencies:
      mimic-function: 5.0.1

  parent-module@1.0.1:
    dependencies:
      callsites: 3.1.0

  parent-module@2.0.0:
    dependencies:
      callsites: 3.1.0

  path-key@3.1.1: {}

  path-key@4.0.0: {}

  picomatch@2.3.1: {}

  picomatch@4.0.2: {}

  pidtree@0.6.0: {}

  prettier@2.8.1: {}

  repeat-string@1.6.1: {}

  resolve-from@4.0.0: {}

  resolve-from@5.0.0: {}

  restore-cursor@5.1.0:
    dependencies:
      onetime: 7.0.0
      signal-exit: 4.1.0

  rfdc@1.4.1: {}

  semver@7.6.3: {}

  shebang-command@2.0.0:
    dependencies:
      shebang-regex: 3.0.0

  shebang-regex@3.0.0: {}

  signal-exit@4.1.0: {}

  slice-ansi@5.0.0:
    dependencies:
      ansi-styles: 6.2.1
      is-fullwidth-code-point: 4.0.0

  slice-ansi@7.1.0:
    dependencies:
      ansi-styles: 6.2.1
      is-fullwidth-code-point: 5.0.0

  string-argv@0.3.2: {}

  string-width@7.2.0:
    dependencies:
      emoji-regex: 10.4.0
      get-east-asian-width: 1.3.0
      strip-ansi: 7.1.0

  strip-ansi@7.1.0:
    dependencies:
      ansi-regex: 6.1.0

  strip-final-newline@3.0.0: {}

  tinyglobby@0.2.10:
    dependencies:
      fdir: 6.4.2(picomatch@4.0.2)
      picomatch: 4.0.2

  to-regex-range@5.0.1:
    dependencies:
      is-number: 7.0.0

  vscode-languageserver-textdocument@1.0.12: {}

  vscode-uri@3.0.8: {}

  which@2.0.2:
    dependencies:
      isexe: 2.0.0

  wrap-ansi@9.0.0:
    dependencies:
      ansi-styles: 6.2.1
      string-width: 7.2.0
      strip-ansi: 7.1.0

  xdg-basedir@5.1.0: {}

  yaml@2.6.1: {}

  yaml@2.7.0: {}
